
Microsoft Visual Studio Solution File, Format Version 12.00
# Visual Studio 15
VisualStudioVersion = 15.0.28307.902
MinimumVisualStudioVersion = 10.0.40219.1
Project("{9A19103F-16F7-4668-BE54-9A1E7A4F7556}") = "AutoBuildPredicate", "AutoBuildPredicate\AutoBuildPredicate.csproj", "{0043AC4C-5D5F-4BB4-B11A-D81A257FCF25}"
EndProject
Global
	GlobalSection(SolutionConfigurationPlatforms) = preSolution
		Debug|Any CPU = Debug|Any CPU
		Release|Any CPU = Release|Any CPU
	EndGlobalSection
	GlobalSection(ProjectConfigurationPlatforms) = postSolution
		{0043AC4C-5D5F-4BB4-B11A-D81A257FCF25}.Debug|Any CPU.ActiveCfg = Debug|Any CPU
		{0043AC4C-5D5F-4BB4-B11A-D81A257FCF25}.Debug|Any CPU.Build.0 = Debug|Any CPU
		{0043AC4C-5D5F-4BB4-B11A-D81A257FCF25}.Release|Any CPU.ActiveCfg = Release|Any CPU
		{0043AC4C-5D5F-4BB4-B11A-D81A257FCF25}.Release|Any CPU.Build.0 = Release|Any CPU
	EndGlobalSection
	GlobalSection(SolutionProperties) = preSolution
		HideSolutionNode = FALSE
	EndGlobalSection
	GlobalSection(ExtensibilityGlobals) = postSolution
		SolutionGuid = {1C60A7FE-E98B-49CF-9F5A-B2D1B1E401C1}
	EndGlobalSection
EndGlobal
